
Microsoft Visual Studio Solution File, Format Version 12.00
# Visual Studio for Mac
Project("{FAE04EC0-301F-11D3-BF4B-00C04F79EFBC}") = "Assembly-CSharp", "Assembly-CSharp.csproj", "{136ED678-EC61-9E7A-E33D-2174376CFF1F}"
EndProject
Project("{FAE04EC0-301F-11D3-BF4B-00C04F79EFBC}") = "Assembly-CSharp-Editor", "Assembly-CSharp-Editor.csproj", "{990AF8C9-E427-E55B-F915-2A069A37166E}"
EndProject
Global
	GlobalSection(SolutionConfigurationPlatforms) = preSolution
		Debug|Any CPU = Debug|Any CPU
		Release|Any CPU = Release|Any CPU
	EndGlobalSection
	GlobalSection(ProjectConfigurationPlatforms) = postSolution
		{136ED678-EC61-9E7A-E33D-2174376CFF1F}.Debug|Any CPU.ActiveCfg = Debug|Any CPU
		{136ED678-EC61-9E7A-E33D-2174376CFF1F}.Debug|Any CPU.Build.0 = Debug|Any CPU
		{136ED678-EC61-9E7A-E33D-2174376CFF1F}.Release|Any CPU.ActiveCfg = Release|Any CPU
		{136ED678-EC61-9E7A-E33D-2174376CFF1F}.Release|Any CPU.Build.0 = Release|Any CPU
		{990AF8C9-E427-E55B-F915-2A069A37166E}.Debug|Any CPU.ActiveCfg = Debug|Any CPU
		{990AF8C9-E427-E55B-F915-2A069A37166E}.Debug|Any CPU.Build.0 = Debug|Any CPU
		{990AF8C9-E427-E55B-F915-2A069A37166E}.Release|Any CPU.ActiveCfg = Release|Any CPU
		{990AF8C9-E427-E55B-F915-2A069A37166E}.Release|Any CPU.Build.0 = Release|Any CPU
	EndGlobalSection
	GlobalSection(SolutionProperties) = preSolution
		HideSolutionNode = FALSE
	EndGlobalSection
	GlobalSection(MonoDevelopProperties) = preSolution
		StartupItem = Assembly-CSharp.csproj
	EndGlobalSection
EndGlobal
